Microsoft Visual Studio Solution File, Format Version 12.00
# Visual Studio Version 17
VisualStudioVersion = 17.5.2.0
MinimumVisualStudioVersion = 10.0.40219.1
Project("{FAE04EC0-301F-11D3-BF4B-00C04F79EFBC}") = "razor-frontend", "razor-frontend.csproj", "{D67625B4-849E-C39C-BE1B-9D4202330275}"
EndProject
Global
	GlobalSection(SolutionConfigurationPlatforms) = preSolution
		Debug|Any CPU = Debug|Any CPU
		Release|Any CPU = Release|Any CPU
	EndGlobalSection
	GlobalSection(ProjectConfigurationPlatforms) = postSolution
		{D67625B4-849E-C39C-BE1B-9D4202330275}.Debug|Any CPU.ActiveCfg = Debug|Any CPU
		{D67625B4-849E-C39C-BE1B-9D4202330275}.Debug|Any CPU.Build.0 = Debug|Any CPU
		{D67625B4-849E-C39C-BE1B-9D4202330275}.Release|Any CPU.ActiveCfg = Release|Any CPU
		{D67625B4-849E-C39C-BE1B-9D4202330275}.Release|Any CPU.Build.0 = Release|Any CPU
	EndGlobalSection
	GlobalSection(SolutionProperties) = preSolution
		HideSolutionNode = FALSE
	EndGlobalSection
	GlobalSection(ExtensibilityGlobals) = postSolution
		SolutionGuid = {FF053FD0-8343-434C-A464-43541D335DE1}
	EndGlobalSection
EndGlobal
